<?xml version="1.0" encoding="utf-8"?>
<Project ToolsVersion="4.0" xmlns="http://schemas.microsoft.com/developer/msbuild/2003">
  <ItemGroup>
    <Filter Include="소스 파일">
      <UniqueIdentifier>{4FC737F1-C7A5-4376-A066-2A32D752A2FF}</UniqueIdentifier>
      <Extensions>cpp;c;cc;cxx;def;odl;idl;hpj;bat;asm;asmx</Extensions>
    </Filter>
    <Filter Include="헤더 파일">
      <UniqueIdentifier>{93995380-89BD-4b04-88EB-625FBE52EBFB}</UniqueIdentifier>
      <Extensions>h;hh;hpp;hxx;hm;inl;inc;xsd</Extensions>
    </Filter>
    <Filter Include="리소스 파일">
      <UniqueIdentifier>{67DA6AB6-F800-4c08-8B7A-83BB121AAD01}</UniqueIdentifier>
      <Extensions>rc;ico;cur;bmp;dlg;rc2;rct;bin;rgs;gif;jpg;jpeg;jpe;resx;tiff;tif;png;wav;mfcribbon-ms</Extensions>
    </Filter>
    <Filter Include="Util">
      <UniqueIdentifier>{d1323408-9549-4216-b5fe-969e5618f6ee}</UniqueIdentifier>
    </Filter>
    <Filter Include="GameFrameWork">
      <UniqueIdentifier>{c6397066-7d6a-4434-a796-40faeba0af48}</UniqueIdentifier>
    </Filter>
    <Filter Include="GameMain">
      <UniqueIdentifier>{f2bb92d0-e5f5-45b8-8f44-b68779d88038}</UniqueIdentifier>
    </Filter>
    <Filter Include="GameFrameWork\Manager">
      <UniqueIdentifier>{2c2d4654-2d9c-4703-86e7-b4efd7fe4aa0}</UniqueIdentifier>
    </Filter>
    <Filter Include="GameFrameWork\Image">
      <UniqueIdentifier>{39a6f627-5158-4e45-becc-98c11cdadc96}</UniqueIdentifier>
    </Filter>
    <Filter Include="GameFrameWork\Util">
      <UniqueIdentifier>{8d9f0ad7-8e10-4e80-9ca6-dfebe6854ee8}</UniqueIdentifier>
    </Filter>
  </ItemGroup>
  <ItemGroup>
    <ClInclude Include="stdafx.h">
      <Filter>헤더 파일</Filter>
    </ClInclude>
    <ClInclude Include="targetver.h">
      <Filter>헤더 파일</Filter>
    </ClInclude>
    <ClInclude Include="resource.h">
      <Filter>헤더 파일</Filter>
    </ClInclude>
    <ClInclude Include="CommonMacroFunction.h">
      <Filter>Util</Filter>
    </ClInclude>
    <ClInclude Include="RandomFunction.h">
      <Filter>Util</Filter>
    </ClInclude>
    <ClInclude Include="Util.h">
      <Filter>GameFrameWork\Util</Filter>
    </ClInclude>
    <ClInclude Include="Image.h">
      <Filter>GameFrameWork\Image</Filter>
    </ClInclude>
    <ClInclude Include="SingletonBase.h">
      <Filter>GameFrameWork\Manager</Filter>
    </ClInclude>
    <ClInclude Include="KeyManager.h">
      <Filter>GameFrameWork\Manager</Filter>
    </ClInclude>
    <ClInclude Include="GameNode.h">
      <Filter>GameFrameWork</Filter>
    </ClInclude>
    <ClInclude Include="MainGame15.h">
      <Filter>GameMain</Filter>
    </ClInclude>
    <ClInclude Include="Day35.h">
      <Filter>헤더 파일</Filter>
    </ClInclude>
  </ItemGroup>
  <ItemGroup>
    <ClCompile Include="stdafx.cpp">
      <Filter>소스 파일</Filter>
    </ClCompile>
    <ClCompile Include="Util.cpp">
      <Filter>GameFrameWork\Util</Filter>
    </ClCompile>
    <ClCompile Include="Image.cpp">
      <Filter>GameFrameWork\Image</Filter>
    </ClCompile>
    <ClCompile Include="KeyManager.cpp">
      <Filter>GameFrameWork\Manager</Filter>
    </ClCompile>
    <ClCompile Include="GameNode.cpp">
      <Filter>GameFrameWork</Filter>
    </ClCompile>
    <ClCompile Include="MainGame15.cpp">
      <Filter>GameMain</Filter>
    </ClCompile>
    <ClCompile Include="Day35.cpp">
      <Filter>소스 파일</Filter>
    </ClCompile>
  </ItemGroup>
  <ItemGroup>
    <Image Include="small.ico">
      <Filter>리소스 파일</Filter>
    </Image>
    <Image Include="Day35.ico">
      <Filter>리소스 파일</Filter>
    </Image>
  </ItemGroup>
  <ItemGroup>
    <ResourceCompile Include="Day35.rc">
      <Filter>리소스 파일</Filter>
    </ResourceCompile>
  </ItemGroup>
</Project>