
Microsoft Visual Studio Solution File, Format Version 12.00
# Visual Studio 15
VisualStudioVersion = 15.0.27130.2036
MinimumVisualStudioVersion = 10.0.40219.1
Project("{8BC9CEB8-8B4A-11D0-8D11-00A0C91BC942}") = "Day01-주석", "Day1\Day1.vcxproj", "{9945FC16-73E7-456F-8B9A-3C943A575168}"
EndProject
Project("{8BC9CEB8-8B4A-11D0-8D11-00A0C91BC942}") = "Day02-변수 자료형 cin rand", "Day2\Day2.vcxproj", "{D171056E-21C2-45BA-9B64-1F19B57DC01C}"
EndProject
Project("{8BC9CEB8-8B4A-11D0-8D11-00A0C91BC942}") = "Day03-조건문", "Day3\Day3.vcxproj", "{1550AB1E-F4FA-4FF5-AA21-A1E2E107381E}"
EndProject
Project("{8BC9CEB8-8B4A-11D0-8D11-00A0C91BC942}") = "Day03_2-반복문", "Day3_2\Day3_2.vcxproj", "{9CFC637C-2FF1-476C-B199-9348B41F6D88}"
EndProject
Project("{8BC9CEB8-8B4A-11D0-8D11-00A0C91BC942}") = "Day04-가위바위보 풀이", "Day4\Day4.vcxproj", "{05F89B57-335B-4879-904D-4A5AEFD7A38F}"
EndProject
Project("{8BC9CEB8-8B4A-11D0-8D11-00A0C91BC942}") = "Day04_2-UpDown 게임 Windows.h", "Day4_2\Day4_2.vcxproj", "{7A04FC64-B675-4E06-B2DF-646476D1A7E0}"
EndProject
Project("{8BC9CEB8-8B4A-11D0-8D11-00A0C91BC942}") = "Day04_3-배열 셔플", "Day4_3\Day4_3.vcxproj", "{3EA2BE13-5085-41F0-9D4E-9B5C829A5D32}"
EndProject
Project("{8BC9CEB8-8B4A-11D0-8D11-00A0C91BC942}") = "Day05-숫자 야구 풀이", "Day5\Day5.vcxproj", "{6D45FF20-4BE0-448E-84F5-AE7EE09C481B}"
EndProject
Project("{8BC9CEB8-8B4A-11D0-8D11-00A0C91BC942}") = "Day05_2-구조체", "Day5_2\Day5_2.vcxproj", "{9A03C96B-2AE6-44C2-A73D-EFDBFC455F37}"
EndProject
Project("{8BC9CEB8-8B4A-11D0-8D11-00A0C91BC942}") = "Day06-함수", "Day6\Day6.vcxproj", "{C6BE9445-EAC9-4AF7-984B-0595C97B0295}"
EndProject
Project("{8BC9CEB8-8B4A-11D0-8D11-00A0C91BC942}") = "Day06_2-문자열 함수", "Day6_2\Day6_2.vcxproj", "{66FBF21E-7832-4BAA-9481-4AAB8627075B}"
EndProject
Project("{8BC9CEB8-8B4A-11D0-8D11-00A0C91BC942}") = "Day07-문자열 뒤집기 풀이", "Day7\Day7.vcxproj", "{88B42515-3F44-457F-9676-6A57500610BF}"
EndProject
Project("{8BC9CEB8-8B4A-11D0-8D11-00A0C91BC942}") = "Day07_2-열거형 enum 강제 형변환", "Day7_2\Day7_2.vcxproj", "{D92CFEC4-BAAD-483B-8856-791DA410E62F}"
EndProject
Project("{8BC9CEB8-8B4A-11D0-8D11-00A0C91BC942}") = "Day08-월남뽕 풀이", "Day8\Day8.vcxproj", "{4798AB3E-2DA2-4A76-A60F-AD0979F269B9}"
EndProject
Project("{8BC9CEB8-8B4A-11D0-8D11-00A0C91BC942}") = "Day09-하이로우세븐 풀이", "Day9\Day9.vcxproj", "{E4EB1C3D-6382-45D5-AAE6-778CCA64124B}"
EndProject
Project("{8BC9CEB8-8B4A-11D0-8D11-00A0C91BC942}") = "Day09_2-포인터", "Day9_2\Day9_2.vcxproj", "{AB4B81BB-B779-4ED2-B0DF-8F0BAC029055}"
EndProject
Project("{8BC9CEB8-8B4A-11D0-8D11-00A0C91BC942}") = "Day10-빙고 풀이", "Day10\Day10.vcxproj", "{4BEF2DE8-6E56-49F4-9D14-6E7240ABAEF6}"
EndProject
Project("{8BC9CEB8-8B4A-11D0-8D11-00A0C91BC942}") = "Day10_2-포인터2", "Day10_2\Day10_2.vcxproj", "{03C9DAD7-9E39-4233-8FB9-E03F42FE9BDB}"
EndProject
Project("{8BC9CEB8-8B4A-11D0-8D11-00A0C91BC942}") = "Day10_3-클래스", "Day10_3\Day10_3.vcxproj", "{F472A378-50DC-4E38-94DC-56C7FF43AB5C}"
EndProject
Project("{8BC9CEB8-8B4A-11D0-8D11-00A0C91BC942}") = "Day11-슬라이딩 퍼즐 풀이", "Day11\Day11.vcxproj", "{B2B743F6-6A0B-4043-B996-674F630AE599}"
EndProject
Project("{8BC9CEB8-8B4A-11D0-8D11-00A0C91BC942}") = "Day11_2-전처리문", "Day11_2\Day11_2.vcxproj", "{B60232C6-9A41-481F-B49B-0231400696DF}"
EndProject
Project("{8BC9CEB8-8B4A-11D0-8D11-00A0C91BC942}") = "Day12-섯다 풀이", "Day12\Day12.vcxproj", "{7B31375B-E692-4090-B59B-72C9C022D050}"
EndProject
Project("{8BC9CEB8-8B4A-11D0-8D11-00A0C91BC942}") = "Day13-상속 가상함수", "Day13\Day13.vcxproj", "{6E9464CD-21B7-4AC2-988D-AAB87F5827CC}"
EndProject
Project("{8BC9CEB8-8B4A-11D0-8D11-00A0C91BC942}") = "Day14-vector map 템플릿", "Day14\Day14.vcxproj", "{74484509-4B5C-4B07-93B9-D499DFD34927}"
EndProject
Project("{8BC9CEB8-8B4A-11D0-8D11-00A0C91BC942}") = "Day15,16-상점", "Day15\Day15.vcxproj", "{CCAB27C5-79B1-4F06-98CE-272A39385D39}"
EndProject
Project("{8BC9CEB8-8B4A-11D0-8D11-00A0C91BC942}") = "Day17,18,19 이미지 그리기", "Day17\Day17.vcxproj", "{ECD12B1A-01B0-4F24-A86C-0282A16BC5BA}"
EndProject
Project("{8BC9CEB8-8B4A-11D0-8D11-00A0C91BC942}") = "Day19,20 - APIFrameWork", "Day19\Day19.vcxproj", "{ABEE76FE-9870-436A-BA24-17CA847DE46A}"
EndProject
Project("{8BC9CEB8-8B4A-11D0-8D11-00A0C91BC942}") = "Day21-WinAPI 구구단 풀이 및 사각형 움직이기", "Day21\Day21.vcxproj", "{68060BB2-AE67-4C51-BD04-C8FED5D577FF}"
EndProject
Project("{8BC9CEB8-8B4A-11D0-8D11-00A0C91BC942}") = "Day22-사각형 충돌, 움직임, 크기 변환", "Day22\Day22.vcxproj", "{660E46B7-BAE5-4ADB-9766-68C0F52D19A0}"
EndProject
Project("{8BC9CEB8-8B4A-11D0-8D11-00A0C91BC942}") = "Day23, 24, 25-싱글턴, KeyManager, APIFrameWork", "Day23\Day23.vcxproj", "{CA49358A-0DE1-422E-B026-F58B2D1D832C}"
EndProject
Project("{8BC9CEB8-8B4A-11D0-8D11-00A0C91BC942}") = "Day26-두더지 게임, 삼각함수, 파스칼", "Day26\Day26.vcxproj", "{36BE941D-570D-4346-820B-C6F76C641234}"
EndProject
Project("{8BC9CEB8-8B4A-11D0-8D11-00A0C91BC942}") = "Day27-시계, 원 충돌, 총알발사", "Day27\Day27.vcxproj", "{11CA0668-92C3-4CF8-ACCF-3BF164D5565C}"
EndProject
Project("{8BC9CEB8-8B4A-11D0-8D11-00A0C91BC942}") = "Day28-에어 하키", "Day28\Day28.vcxproj", "{1897E225-882F-4FEC-AA8C-F62FC3D1F322}"
EndProject
Project("{8BC9CEB8-8B4A-11D0-8D11-00A0C91BC942}") = "Day29-지렁이 게임, 원과 사각형 충돌", "Day29\Day29.vcxproj", "{91527A5B-F5E8-419A-B99F-6F92A344B968}"
EndProject
Project("{8BC9CEB8-8B4A-11D0-8D11-00A0C91BC942}") = "Day30-비트맵 읽기, 총알 게이지 발사", "Day30\Day30.vcxproj", "{E38E8BE4-ADB8-4C84-BD65-64B5485C6F6A}"
EndProject
Project("{8BC9CEB8-8B4A-11D0-8D11-00A0C91BC942}") = "Day31-지렁이 게임2 이미지, 알파 블렌딩", "Day31\Day31.vcxproj", "{78CA042B-3395-4EF5-A5CD-4FBC7C80E061}"
EndProject
Project("{8BC9CEB8-8B4A-11D0-8D11-00A0C91BC942}") = "Day32-록맨, 프레임 렌더링", "Day32\Day32.vcxproj", "{FE5D370A-20F2-4DD1-8335-E7DA1AF00632}"
EndProject
Project("{8BC9CEB8-8B4A-11D0-8D11-00A0C91BC942}") = "Day33,34,35-록맨, 디버그, 루프렌더", "Day-33\Day-33.vcxproj", "{50646B3E-5735-4B42-9F50-8D9B01A56758}"
EndProject
Project("{8BC9CEB8-8B4A-11D0-8D11-00A0C91BC942}") = "Day35,36-픽셀 충돌", "Day35\Day34.vcxproj", "{F226F329-C77D-4237-8AFC-3DD14689D172}"
EndProject
Project("{8BC9CEB8-8B4A-11D0-8D11-00A0C91BC942}") = "Day36-레이싱 풀이", "Day36\Day36.vcxproj", "{8ABA99E3-2373-4564-9F78-3DF0F0C838CA}"
EndProject
Project("{8BC9CEB8-8B4A-11D0-8D11-00A0C91BC942}") = "Day37-씬 매니저", "Day37\Day37.vcxproj", "{8DA720B6-124A-4349-ABDA-5FB9183590EE}"
EndProject
Project("{8BC9CEB8-8B4A-11D0-8D11-00A0C91BC942}") = "Day38, 39-지뢰찾기, 씬간의 데이터 이동", "Day38\Day38.vcxproj", "{C2D81A28-E30E-4F3D-B623-9B590CF78F62}"
EndProject
Project("{8BC9CEB8-8B4A-11D0-8D11-00A0C91BC942}") = "Day39-이미지 매니저", "Day39\Day39.vcxproj", "{F0C3040A-2163-42A7-B049-5369C0266C5B}"
EndProject
Project("{8BC9CEB8-8B4A-11D0-8D11-00A0C91BC942}") = "Day40, 41-오목", "Day40\Day40.vcxproj", "{1C7B008F-FCE3-4091-90A3-DA15C704F751}"
EndProject
Project("{8BC9CEB8-8B4A-11D0-8D11-00A0C91BC942}") = "Day43-AntTweakBar", "Day42\Day41.vcxproj", "{5B38A7B6-3B57-4AD8-BB59-6D620739A9A6}"
EndProject
Project("{8BC9CEB8-8B4A-11D0-8D11-00A0C91BC942}") = "Day45-이미지 회전", "Day44\WinAPI.vcxproj", "{6E2AE89B-D1E4-494F-B988-51CA9640CC53}"
EndProject
Project("{8BC9CEB8-8B4A-11D0-8D11-00A0C91BC942}") = "Day49,50,51-슈팅 게임", "Day49\Day49.vcxproj", "{735FFDD0-37D9-43AA-A530-C7515270EC50}"
EndProject
Project("{8BC9CEB8-8B4A-11D0-8D11-00A0C91BC942}") = "Day50_Iterator", "Day50_Iterator\Day50_Iterator.vcxproj", "{03D73497-1BD5-497E-9ACB-63B9AE0183AD}"
EndProject
Project("{8BC9CEB8-8B4A-11D0-8D11-00A0C91BC942}") = "Day52", "Day52\Day52.vcxproj", "{80499D42-EB59-421D-845D-6388C4551717}"
EndProject
Global
	GlobalSection(SolutionConfigurationPlatforms) = preSolution
		Debug|x64 = Debug|x64
		Debug|x86 = Debug|x86
		Release|x64 = Release|x64
		Release|x86 = Release|x86
	EndGlobalSection
	GlobalSection(ProjectConfigurationPlatforms) = postSolution
		{9945FC16-73E7-456F-8B9A-3C943A575168}.Debug|x64.ActiveCfg = Debug|x64
		{9945FC16-73E7-456F-8B9A-3C943A575168}.Debug|x64.Build.0 = Debug|x64
		{9945FC16-73E7-456F-8B9A-3C943A575168}.Debug|x86.ActiveCfg = Debug|Win32
		{9945FC16-73E7-456F-8B9A-3C943A575168}.Debug|x86.Build.0 = Debug|Win32
		{9945FC16-73E7-456F-8B9A-3C943A575168}.Release|x64.ActiveCfg = Release|x64
		{9945FC16-73E7-456F-8B9A-3C943A575168}.Release|x64.Build.0 = Release|x64
		{9945FC16-73E7-456F-8B9A-3C943A575168}.Release|x86.ActiveCfg = Release|Win32
		{9945FC16-73E7-456F-8B9A-3C943A575168}.Release|x86.Build.0 = Release|Win32
		{D171056E-21C2-45BA-9B64-1F19B57DC01C}.Debug|x64.ActiveCfg = Debug|x64
		{D171056E-21C2-45BA-9B64-1F19B57DC01C}.Debug|x64.Build.0 = Debug|x64
		{D171056E-21C2-45BA-9B64-1F19B57DC01C}.Debug|x86.ActiveCfg = Debug|Win32
		{D171056E-21C2-45BA-9B64-1F19B57DC01C}.Debug|x86.Build.0 = Debug|Win32
		{D171056E-21C2-45BA-9B64-1F19B57DC01C}.Release|x64.ActiveCfg = Release|x64
		{D171056E-21C2-45BA-9B64-1F19B57DC01C}.Release|x64.Build.0 = Release|x64
		{D171056E-21C2-45BA-9B64-1F19B57DC01C}.Release|x86.ActiveCfg = Release|Win32
		{D171056E-21C2-45BA-9B64-1F19B57DC01C}.Release|x86.Build.0 = Release|Win32
		{1550AB1E-F4FA-4FF5-AA21-A1E2E107381E}.Debug|x64.ActiveCfg = Debug|x64
		{1550AB1E-F4FA-4FF5-AA21-A1E2E107381E}.Debug|x64.Build.0 = Debug|x64
		{1550AB1E-F4FA-4FF5-AA21-A1E2E107381E}.Debug|x86.ActiveCfg = Debug|Win32
		{1550AB1E-F4FA-4FF5-AA21-A1E2E107381E}.Debug|x86.Build.0 = Debug|Win32
		{1550AB1E-F4FA-4FF5-AA21-A1E2E107381E}.Release|x64.ActiveCfg = Release|x64
		{1550AB1E-F4FA-4FF5-AA21-A1E2E107381E}.Release|x64.Build.0 = Release|x64
		{1550AB1E-F4FA-4FF5-AA21-A1E2E107381E}.Release|x86.ActiveCfg = Release|Win32
		{1550AB1E-F4FA-4FF5-AA21-A1E2E107381E}.Release|x86.Build.0 = Release|Win32
		{9CFC637C-2FF1-476C-B199-9348B41F6D88}.Debug|x64.ActiveCfg = Debug|x64
		{9CFC637C-2FF1-476C-B199-9348B41F6D88}.Debug|x64.Build.0 = Debug|x64
		{9CFC637C-2FF1-476C-B199-9348B41F6D88}.Debug|x86.ActiveCfg = Debug|Win32
		{9CFC637C-2FF1-476C-B199-9348B41F6D88}.Debug|x86.Build.0 = Debug|Win32
		{9CFC637C-2FF1-476C-B199-9348B41F6D88}.Release|x64.ActiveCfg = Release|x64
		{9CFC637C-2FF1-476C-B199-9348B41F6D88}.Release|x64.Build.0 = Release|x64
		{9CFC637C-2FF1-476C-B199-9348B41F6D88}.Release|x86.ActiveCfg = Release|Win32
		{9CFC637C-2FF1-476C-B199-9348B41F6D88}.Release|x86.Build.0 = Release|Win32
		{05F89B57-335B-4879-904D-4A5AEFD7A38F}.Debug|x64.ActiveCfg = Debug|x64
		{05F89B57-335B-4879-904D-4A5AEFD7A38F}.Debug|x64.Build.0 = Debug|x64
		{05F89B57-335B-4879-904D-4A5AEFD7A38F}.Debug|x86.ActiveCfg = Debug|Win32
		{05F89B57-335B-4879-904D-4A5AEFD7A38F}.Debug|x86.Build.0 = Debug|Win32
		{05F89B57-335B-4879-904D-4A5AEFD7A38F}.Release|x64.ActiveCfg = Release|x64
		{05F89B57-335B-4879-904D-4A5AEFD7A38F}.Release|x64.Build.0 = Release|x64
		{05F89B57-335B-4879-904D-4A5AEFD7A38F}.Release|x86.ActiveCfg = Release|Win32
		{05F89B57-335B-4879-904D-4A5AEFD7A38F}.Release|x86.Build.0 = Release|Win32
		{7A04FC64-B675-4E06-B2DF-646476D1A7E0}.Debug|x64.ActiveCfg = Debug|x64
		{7A04FC64-B675-4E06-B2DF-646476D1A7E0}.Debug|x64.Build.0 = Debug|x64
		{7A04FC64-B675-4E06-B2DF-646476D1A7E0}.Debug|x86.ActiveCfg = Debug|Win32
		{7A04FC64-B675-4E06-B2DF-646476D1A7E0}.Debug|x86.Build.0 = Debug|Win32
		{7A04FC64-B675-4E06-B2DF-646476D1A7E0}.Release|x64.ActiveCfg = Release|x64
		{7A04FC64-B675-4E06-B2DF-646476D1A7E0}.Release|x64.Build.0 = Release|x64
		{7A04FC64-B675-4E06-B2DF-646476D1A7E0}.Release|x86.ActiveCfg = Release|Win32
		{7A04FC64-B675-4E06-B2DF-646476D1A7E0}.Release|x86.Build.0 = Release|Win32
		{3EA2BE13-5085-41F0-9D4E-9B5C829A5D32}.Debug|x64.ActiveCfg = Debug|x64
		{3EA2BE13-5085-41F0-9D4E-9B5C829A5D32}.Debug|x64.Build.0 = Debug|x64
		{3EA2BE13-5085-41F0-9D4E-9B5C829A5D32}.Debug|x86.ActiveCfg = Debug|Win32
		{3EA2BE13-5085-41F0-9D4E-9B5C829A5D32}.Debug|x86.Build.0 = Debug|Win32
		{3EA2BE13-5085-41F0-9D4E-9B5C829A5D32}.Release|x64.ActiveCfg = Release|x64
		{3EA2BE13-5085-41F0-9D4E-9B5C829A5D32}.Release|x64.Build.0 = Release|x64
		{3EA2BE13-5085-41F0-9D4E-9B5C829A5D32}.Release|x86.ActiveCfg = Release|Win32
		{3EA2BE13-5085-41F0-9D4E-9B5C829A5D32}.Release|x86.Build.0 = Release|Win32
		{6D45FF20-4BE0-448E-84F5-AE7EE09C481B}.Debug|x64.ActiveCfg = Debug|x64
		{6D45FF20-4BE0-448E-84F5-AE7EE09C481B}.Debug|x64.Build.0 = Debug|x64
		{6D45FF20-4BE0-448E-84F5-AE7EE09C481B}.Debug|x86.ActiveCfg = Debug|Win32
		{6D45FF20-4BE0-448E-84F5-AE7EE09C481B}.Debug|x86.Build.0 = Debug|Win32
		{6D45FF20-4BE0-448E-84F5-AE7EE09C481B}.Release|x64.ActiveCfg = Release|x64
		{6D45FF20-4BE0-448E-84F5-AE7EE09C481B}.Release|x64.Build.0 = Release|x64
		{6D45FF20-4BE0-448E-84F5-AE7EE09C481B}.Release|x86.ActiveCfg = Release|Win32
		{6D45FF20-4BE0-448E-84F5-AE7EE09C481B}.Release|x86.Build.0 = Release|Win32
		{9A03C96B-2AE6-44C2-A73D-EFDBFC455F37}.Debug|x64.ActiveCfg = Debug|x64
		{9A03C96B-2AE6-44C2-A73D-EFDBFC455F37}.Debug|x64.Build.0 = Debug|x64
		{9A03C96B-2AE6-44C2-A73D-EFDBFC455F37}.Debug|x86.ActiveCfg = Debug|Win32
		{9A03C96B-2AE6-44C2-A73D-EFDBFC455F37}.Debug|x86.Build.0 = Debug|Win32
		{9A03C96B-2AE6-44C2-A73D-EFDBFC455F37}.Release|x64.ActiveCfg = Release|x64
		{9A03C96B-2AE6-44C2-A73D-EFDBFC455F37}.Release|x64.Build.0 = Release|x64
		{9A03C96B-2AE6-44C2-A73D-EFDBFC455F37}.Release|x86.ActiveCfg = Release|Win32
		{9A03C96B-2AE6-44C2-A73D-EFDBFC455F37}.Release|x86.Build.0 = Release|Win32
		{C6BE9445-EAC9-4AF7-984B-0595C97B0295}.Debug|x64.ActiveCfg = Debug|x64
		{C6BE9445-EAC9-4AF7-984B-0595C97B0295}.Debug|x64.Build.0 = Debug|x64
		{C6BE9445-EAC9-4AF7-984B-0595C97B0295}.Debug|x86.ActiveCfg = Debug|Win32
		{C6BE9445-EAC9-4AF7-984B-0595C97B0295}.Debug|x86.Build.0 = Debug|Win32
		{C6BE9445-EAC9-4AF7-984B-0595C97B0295}.Release|x64.ActiveCfg = Release|x64
		{C6BE9445-EAC9-4AF7-984B-0595C97B0295}.Release|x64.Build.0 = Release|x64
		{C6BE9445-EAC9-4AF7-984B-0595C97B0295}.Release|x86.ActiveCfg = Release|Win32
		{C6BE9445-EAC9-4AF7-984B-0595C97B0295}.Release|x86.Build.0 = Release|Win32
		{66FBF21E-7832-4BAA-9481-4AAB8627075B}.Debug|x64.ActiveCfg = Debug|x64
		{66FBF21E-7832-4BAA-9481-4AAB8627075B}.Debug|x64.Build.0 = Debug|x64
		{66FBF21E-7832-4BAA-9481-4AAB8627075B}.Debug|x86.ActiveCfg = Debug|Win32
		{66FBF21E-7832-4BAA-9481-4AAB8627075B}.Debug|x86.Build.0 = Debug|Win32
		{66FBF21E-7832-4BAA-9481-4AAB8627075B}.Release|x64.ActiveCfg = Release|x64
		{66FBF21E-7832-4BAA-9481-4AAB8627075B}.Release|x64.Build.0 = Release|x64
		{66FBF21E-7832-4BAA-9481-4AAB8627075B}.Release|x86.ActiveCfg = Release|Win32
		{66FBF21E-7832-4BAA-9481-4AAB8627075B}.Release|x86.Build.0 = Release|Win32
		{88B42515-3F44-457F-9676-6A57500610BF}.Debug|x64.ActiveCfg = Debug|x64
		{88B42515-3F44-457F-9676-6A57500610BF}.Debug|x64.Build.0 = Debug|x64
		{88B42515-3F44-457F-9676-6A57500610BF}.Debug|x86.ActiveCfg = Debug|Win32
		{88B42515-3F44-457F-9676-6A57500610BF}.Debug|x86.Build.0 = Debug|Win32
		{88B42515-3F44-457F-9676-6A57500610BF}.Release|x64.ActiveCfg = Release|x64
		{88B42515-3F44-457F-9676-6A57500610BF}.Release|x64.Build.0 = Release|x64
		{88B42515-3F44-457F-9676-6A57500610BF}.Release|x86.ActiveCfg = Release|Win32
		{88B42515-3F44-457F-9676-6A57500610BF}.Release|x86.Build.0 = Release|Win32
		{D92CFEC4-BAAD-483B-8856-791DA410E62F}.Debug|x64.ActiveCfg = Debug|x64
		{D92CFEC4-BAAD-483B-8856-791DA410E62F}.Debug|x64.Build.0 = Debug|x64
		{D92CFEC4-BAAD-483B-8856-791DA410E62F}.Debug|x86.ActiveCfg = Debug|Win32
		{D92CFEC4-BAAD-483B-8856-791DA410E62F}.Debug|x86.Build.0 = Debug|Win32
		{D92CFEC4-BAAD-483B-8856-791DA410E62F}.Release|x64.ActiveCfg = Release|x64
		{D92CFEC4-BAAD-483B-8856-791DA410E62F}.Release|x64.Build.0 = Release|x64
		{D92CFEC4-BAAD-483B-8856-791DA410E62F}.Release|x86.ActiveCfg = Release|Win32
		{D92CFEC4-BAAD-483B-8856-791DA410E62F}.Release|x86.Build.0 = Release|Win32
		{4798AB3E-2DA2-4A76-A60F-AD0979F269B9}.Debug|x64.ActiveCfg = Debug|x64
		{4798AB3E-2DA2-4A76-A60F-AD0979F269B9}.Debug|x64.Build.0 = Debug|x64
		{4798AB3E-2DA2-4A76-A60F-AD0979F269B9}.Debug|x86.ActiveCfg = Debug|Win32
		{4798AB3E-2DA2-4A76-A60F-AD0979F269B9}.Debug|x86.Build.0 = Debug|Win32
		{4798AB3E-2DA2-4A76-A60F-AD0979F269B9}.Release|x64.ActiveCfg = Release|x64
		{4798AB3E-2DA2-4A76-A60F-AD0979F269B9}.Release|x64.Build.0 = Release|x64
		{4798AB3E-2DA2-4A76-A60F-AD0979F269B9}.Release|x86.ActiveCfg = Release|Win32
		{4798AB3E-2DA2-4A76-A60F-AD0979F269B9}.Release|x86.Build.0 = Release|Win32
		{E4EB1C3D-6382-45D5-AAE6-778CCA64124B}.Debug|x64.ActiveCfg = Debug|x64
		{E4EB1C3D-6382-45D5-AAE6-778CCA64124B}.Debug|x64.Build.0 = Debug|x64
		{E4EB1C3D-6382-45D5-AAE6-778CCA64124B}.Debug|x86.ActiveCfg = Debug|Win32
		{E4EB1C3D-6382-45D5-AAE6-778CCA64124B}.Debug|x86.Build.0 = Debug|Win32
		{E4EB1C3D-6382-45D5-AAE6-778CCA64124B}.Release|x64.ActiveCfg = Release|x64
		{E4EB1C3D-6382-45D5-AAE6-778CCA64124B}.Release|x64.Build.0 = Release|x64
		{E4EB1C3D-6382-45D5-AAE6-778CCA64124B}.Release|x86.ActiveCfg = Release|Win32
		{E4EB1C3D-6382-45D5-AAE6-778CCA64124B}.Release|x86.Build.0 = Release|Win32
		{AB4B81BB-B779-4ED2-B0DF-8F0BAC029055}.Debug|x64.ActiveCfg = Debug|x64
		{AB4B81BB-B779-4ED2-B0DF-8F0BAC029055}.Debug|x64.Build.0 = Debug|x64
		{AB4B81BB-B779-4ED2-B0DF-8F0BAC029055}.Debug|x86.ActiveCfg = Debug|Win32
		{AB4B81BB-B779-4ED2-B0DF-8F0BAC029055}.Debug|x86.Build.0 = Debug|Win32
		{AB4B81BB-B779-4ED2-B0DF-8F0BAC029055}.Release|x64.ActiveCfg = Release|x64
		{AB4B81BB-B779-4ED2-B0DF-8F0BAC029055}.Release|x64.Build.0 = Release|x64
		{AB4B81BB-B779-4ED2-B0DF-8F0BAC029055}.Release|x86.ActiveCfg = Release|Win32
		{AB4B81BB-B779-4ED2-B0DF-8F0BAC029055}.Release|x86.Build.0 = Release|Win32
		{4BEF2DE8-6E56-49F4-9D14-6E7240ABAEF6}.Debug|x64.ActiveCfg = Debug|x64
		{4BEF2DE8-6E56-49F4-9D14-6E7240ABAEF6}.Debug|x64.Build.0 = Debug|x64
		{4BEF2DE8-6E56-49F4-9D14-6E7240ABAEF6}.Debug|x86.ActiveCfg = Debug|Win32
		{4BEF2DE8-6E56-49F4-9D14-6E7240ABAEF6}.Debug|x86.Build.0 = Debug|Win32
		{4BEF2DE8-6E56-49F4-9D14-6E7240ABAEF6}.Release|x64.ActiveCfg = Release|x64
		{4BEF2DE8-6E56-49F4-9D14-6E7240ABAEF6}.Release|x64.Build.0 = Release|x64
		{4BEF2DE8-6E56-49F4-9D14-6E7240ABAEF6}.Release|x86.ActiveCfg = Release|Win32
		{4BEF2DE8-6E56-49F4-9D14-6E7240ABAEF6}.Release|x86.Build.0 = Release|Win32
		{03C9DAD7-9E39-4233-8FB9-E03F42FE9BDB}.Debug|x64.ActiveCfg = Debug|x64
		{03C9DAD7-9E39-4233-8FB9-E03F42FE9BDB}.Debug|x64.Build.0 = Debug|x64
		{03C9DAD7-9E39-4233-8FB9-E03F42FE9BDB}.Debug|x86.ActiveCfg = Debug|Win32
		{03C9DAD7-9E39-4233-8FB9-E03F42FE9BDB}.Debug|x86.Build.0 = Debug|Win32
		{03C9DAD7-9E39-4233-8FB9-E03F42FE9BDB}.Release|x64.ActiveCfg = Release|x64
		{03C9DAD7-9E39-4233-8FB9-E03F42FE9BDB}.Release|x64.Build.0 = Release|x64
		{03C9DAD7-9E39-4233-8FB9-E03F42FE9BDB}.Release|x86.ActiveCfg = Release|Win32
		{03C9DAD7-9E39-4233-8FB9-E03F42FE9BDB}.Release|x86.Build.0 = Release|Win32
		{F472A378-50DC-4E38-94DC-56C7FF43AB5C}.Debug|x64.ActiveCfg = Debug|x64
		{F472A378-50DC-4E38-94DC-56C7FF43AB5C}.Debug|x64.Build.0 = Debug|x64
		{F472A378-50DC-4E38-94DC-56C7FF43AB5C}.Debug|x86.ActiveCfg = Debug|Win32
		{F472A378-50DC-4E38-94DC-56C7FF43AB5C}.Debug|x86.Build.0 = Debug|Win32
		{F472A378-50DC-4E38-94DC-56C7FF43AB5C}.Release|x64.ActiveCfg = Release|x64
		{F472A378-50DC-4E38-94DC-56C7FF43AB5C}.Release|x64.Build.0 = Release|x64
		{F472A378-50DC-4E38-94DC-56C7FF43AB5C}.Release|x86.ActiveCfg = Release|Win32
		{F472A378-50DC-4E38-94DC-56C7FF43AB5C}.Release|x86.Build.0 = Release|Win32
		{B2B743F6-6A0B-4043-B996-674F630AE599}.Debug|x64.ActiveCfg = Debug|x64
		{B2B743F6-6A0B-4043-B996-674F630AE599}.Debug|x64.Build.0 = Debug|x64
		{B2B743F6-6A0B-4043-B996-674F630AE599}.Debug|x86.ActiveCfg = Debug|Win32
		{B2B743F6-6A0B-4043-B996-674F630AE599}.Debug|x86.Build.0 = Debug|Win32
		{B2B743F6-6A0B-4043-B996-674F630AE599}.Release|x64.ActiveCfg = Release|x64
		{B2B743F6-6A0B-4043-B996-674F630AE599}.Release|x64.Build.0 = Release|x64
		{B2B743F6-6A0B-4043-B996-674F630AE599}.Release|x86.ActiveCfg = Release|Win32
		{B2B743F6-6A0B-4043-B996-674F630AE599}.Release|x86.Build.0 = Release|Win32
		{B60232C6-9A41-481F-B49B-0231400696DF}.Debug|x64.ActiveCfg = Debug|x64
		{B60232C6-9A41-481F-B49B-0231400696DF}.Debug|x64.Build.0 = Debug|x64
		{B60232C6-9A41-481F-B49B-0231400696DF}.Debug|x86.ActiveCfg = Debug|Win32
		{B60232C6-9A41-481F-B49B-0231400696DF}.Debug|x86.Build.0 = Debug|Win32
		{B60232C6-9A41-481F-B49B-0231400696DF}.Release|x64.ActiveCfg = Release|x64
		{B60232C6-9A41-481F-B49B-0231400696DF}.Release|x64.Build.0 = Release|x64
		{B60232C6-9A41-481F-B49B-0231400696DF}.Release|x86.ActiveCfg = Release|Win32
		{B60232C6-9A41-481F-B49B-0231400696DF}.Release|x86.Build.0 = Release|Win32
		{7B31375B-E692-4090-B59B-72C9C022D050}.Debug|x64.ActiveCfg = Debug|x64
		{7B31375B-E692-4090-B59B-72C9C022D050}.Debug|x64.Build.0 = Debug|x64
		{7B31375B-E692-4090-B59B-72C9C022D050}.Debug|x86.ActiveCfg = Debug|Win32
		{7B31375B-E692-4090-B59B-72C9C022D050}.Debug|x86.Build.0 = Debug|Win32
		{7B31375B-E692-4090-B59B-72C9C022D050}.Release|x64.ActiveCfg = Release|x64
		{7B31375B-E692-4090-B59B-72C9C022D050}.Release|x64.Build.0 = Release|x64
		{7B31375B-E692-4090-B59B-72C9C022D050}.Release|x86.ActiveCfg = Release|Win32
		{7B31375B-E692-4090-B59B-72C9C022D050}.Release|x86.Build.0 = Release|Win32
		{6E9464CD-21B7-4AC2-988D-AAB87F5827CC}.Debug|x64.ActiveCfg = Debug|x64
		{6E9464CD-21B7-4AC2-988D-AAB87F5827CC}.Debug|x64.Build.0 = Debug|x64
		{6E9464CD-21B7-4AC2-988D-AAB87F5827CC}.Debug|x86.ActiveCfg = Debug|Win32
		{6E9464CD-21B7-4AC2-988D-AAB87F5827CC}.Debug|x86.Build.0 = Debug|Win32
		{6E9464CD-21B7-4AC2-988D-AAB87F5827CC}.Release|x64.ActiveCfg = Release|x64
		{6E9464CD-21B7-4AC2-988D-AAB87F5827CC}.Release|x64.Build.0 = Release|x64
		{6E9464CD-21B7-4AC2-988D-AAB87F5827CC}.Release|x86.ActiveCfg = Release|Win32
		{6E9464CD-21B7-4AC2-988D-AAB87F5827CC}.Release|x86.Build.0 = Release|Win32
		{74484509-4B5C-4B07-93B9-D499DFD34927}.Debug|x64.ActiveCfg = Debug|x64
		{74484509-4B5C-4B07-93B9-D499DFD34927}.Debug|x64.Build.0 = Debug|x64
		{74484509-4B5C-4B07-93B9-D499DFD34927}.Debug|x86.ActiveCfg = Debug|Win32
		{74484509-4B5C-4B07-93B9-D499DFD34927}.Debug|x86.Build.0 = Debug|Win32
		{74484509-4B5C-4B07-93B9-D499DFD34927}.Release|x64.ActiveCfg = Release|x64
		{74484509-4B5C-4B07-93B9-D499DFD34927}.Release|x64.Build.0 = Release|x64
		{74484509-4B5C-4B07-93B9-D499DFD34927}.Release|x86.ActiveCfg = Release|Win32
		{74484509-4B5C-4B07-93B9-D499DFD34927}.Release|x86.Build.0 = Release|Win32
		{CCAB27C5-79B1-4F06-98CE-272A39385D39}.Debug|x64.ActiveCfg = Debug|x64
		{CCAB27C5-79B1-4F06-98CE-272A39385D39}.Debug|x64.Build.0 = Debug|x64
		{CCAB27C5-79B1-4F06-98CE-272A39385D39}.Debug|x86.ActiveCfg = Debug|Win32
		{CCAB27C5-79B1-4F06-98CE-272A39385D39}.Debug|x86.Build.0 = Debug|Win32
		{CCAB27C5-79B1-4F06-98CE-272A39385D39}.Release|x64.ActiveCfg = Release|x64
		{CCAB27C5-79B1-4F06-98CE-272A39385D39}.Release|x64.Build.0 = Release|x64
		{CCAB27C5-79B1-4F06-98CE-272A39385D39}.Release|x86.ActiveCfg = Release|Win32
		{CCAB27C5-79B1-4F06-98CE-272A39385D39}.Release|x86.Build.0 = Release|Win32
		{ECD12B1A-01B0-4F24-A86C-0282A16BC5BA}.Debug|x64.ActiveCfg = Debug|x64
		{ECD12B1A-01B0-4F24-A86C-0282A16BC5BA}.Debug|x64.Build.0 = Debug|x64
		{ECD12B1A-01B0-4F24-A86C-0282A16BC5BA}.Debug|x86.ActiveCfg = Debug|Win32
		{ECD12B1A-01B0-4F24-A86C-0282A16BC5BA}.Debug|x86.Build.0 = Debug|Win32
		{ECD12B1A-01B0-4F24-A86C-0282A16BC5BA}.Release|x64.ActiveCfg = Release|x64
		{ECD12B1A-01B0-4F24-A86C-0282A16BC5BA}.Release|x64.Build.0 = Release|x64
		{ECD12B1A-01B0-4F24-A86C-0282A16BC5BA}.Release|x86.ActiveCfg = Release|Win32
		{ECD12B1A-01B0-4F24-A86C-0282A16BC5BA}.Release|x86.Build.0 = Release|Win32
		{ABEE76FE-9870-436A-BA24-17CA847DE46A}.Debug|x64.ActiveCfg = Debug|x64
		{ABEE76FE-9870-436A-BA24-17CA847DE46A}.Debug|x64.Build.0 = Debug|x64
		{ABEE76FE-9870-436A-BA24-17CA847DE46A}.Debug|x86.ActiveCfg = Debug|Win32
		{ABEE76FE-9870-436A-BA24-17CA847DE46A}.Debug|x86.Build.0 = Debug|Win32
		{ABEE76FE-9870-436A-BA24-17CA847DE46A}.Release|x64.ActiveCfg = Release|x64
		{ABEE76FE-9870-436A-BA24-17CA847DE46A}.Release|x64.Build.0 = Release|x64
		{ABEE76FE-9870-436A-BA24-17CA847DE46A}.Release|x86.ActiveCfg = Release|Win32
		{ABEE76FE-9870-436A-BA24-17CA847DE46A}.Release|x86.Build.0 = Release|Win32
		{68060BB2-AE67-4C51-BD04-C8FED5D577FF}.Debug|x64.ActiveCfg = Debug|x64
		{68060BB2-AE67-4C51-BD04-C8FED5D577FF}.Debug|x64.Build.0 = Debug|x64
		{68060BB2-AE67-4C51-BD04-C8FED5D577FF}.Debug|x86.ActiveCfg = Debug|Win32
		{68060BB2-AE67-4C51-BD04-C8FED5D577FF}.Debug|x86.Build.0 = Debug|Win32
		{68060BB2-AE67-4C51-BD04-C8FED5D577FF}.Release|x64.ActiveCfg = Release|x64
		{68060BB2-AE67-4C51-BD04-C8FED5D577FF}.Release|x64.Build.0 = Release|x64
		{68060BB2-AE67-4C51-BD04-C8FED5D577FF}.Release|x86.ActiveCfg = Release|Win32
		{68060BB2-AE67-4C51-BD04-C8FED5D577FF}.Release|x86.Build.0 = Release|Win32
		{660E46B7-BAE5-4ADB-9766-68C0F52D19A0}.Debug|x64.ActiveCfg = Debug|x64
		{660E46B7-BAE5-4ADB-9766-68C0F52D19A0}.Debug|x64.Build.0 = Debug|x64
		{660E46B7-BAE5-4ADB-9766-68C0F52D19A0}.Debug|x86.ActiveCfg = Debug|Win32
		{660E46B7-BAE5-4ADB-9766-68C0F52D19A0}.Debug|x86.Build.0 = Debug|Win32
		{660E46B7-BAE5-4ADB-9766-68C0F52D19A0}.Release|x64.ActiveCfg = Release|x64
		{660E46B7-BAE5-4ADB-9766-68C0F52D19A0}.Release|x64.Build.0 = Release|x64
		{660E46B7-BAE5-4ADB-9766-68C0F52D19A0}.Release|x86.ActiveCfg = Release|Win32
		{660E46B7-BAE5-4ADB-9766-68C0F52D19A0}.Release|x86.Build.0 = Release|Win32
		{CA49358A-0DE1-422E-B026-F58B2D1D832C}.Debug|x64.ActiveCfg = Debug|x64
		{CA49358A-0DE1-422E-B026-F58B2D1D832C}.Debug|x64.Build.0 = Debug|x64
		{CA49358A-0DE1-422E-B026-F58B2D1D832C}.Debug|x86.ActiveCfg = Debug|Win32
		{CA49358A-0DE1-422E-B026-F58B2D1D832C}.Debug|x86.Build.0 = Debug|Win32
		{CA49358A-0DE1-422E-B026-F58B2D1D832C}.Release|x64.ActiveCfg = Release|x64
		{CA49358A-0DE1-422E-B026-F58B2D1D832C}.Release|x64.Build.0 = Release|x64
		{CA49358A-0DE1-422E-B026-F58B2D1D832C}.Release|x86.ActiveCfg = Release|Win32
		{CA49358A-0DE1-422E-B026-F58B2D1D832C}.Release|x86.Build.0 = Release|Win32
		{36BE941D-570D-4346-820B-C6F76C641234}.Debug|x64.ActiveCfg = Debug|x64
		{36BE941D-570D-4346-820B-C6F76C641234}.Debug|x64.Build.0 = Debug|x64
		{36BE941D-570D-4346-820B-C6F76C641234}.Debug|x86.ActiveCfg = Debug|Win32
		{36BE941D-570D-4346-820B-C6F76C641234}.Debug|x86.Build.0 = Debug|Win32
		{36BE941D-570D-4346-820B-C6F76C641234}.Release|x64.ActiveCfg = Release|x64
		{36BE941D-570D-4346-820B-C6F76C641234}.Release|x64.Build.0 = Release|x64
		{36BE941D-570D-4346-820B-C6F76C641234}.Release|x86.ActiveCfg = Release|Win32
		{36BE941D-570D-4346-820B-C6F76C641234}.Release|x86.Build.0 = Release|Win32
		{11CA0668-92C3-4CF8-ACCF-3BF164D5565C}.Debug|x64.ActiveCfg = Debug|x64
		{11CA0668-92C3-4CF8-ACCF-3BF164D5565C}.Debug|x64.Build.0 = Debug|x64
		{11CA0668-92C3-4CF8-ACCF-3BF164D5565C}.Debug|x86.ActiveCfg = Debug|Win32
		{11CA0668-92C3-4CF8-ACCF-3BF164D5565C}.Debug|x86.Build.0 = Debug|Win32
		{11CA0668-92C3-4CF8-ACCF-3BF164D5565C}.Release|x64.ActiveCfg = Release|x64
		{11CA0668-92C3-4CF8-ACCF-3BF164D5565C}.Release|x64.Build.0 = Release|x64
		{11CA0668-92C3-4CF8-ACCF-3BF164D5565C}.Release|x86.ActiveCfg = Release|Win32
		{11CA0668-92C3-4CF8-ACCF-3BF164D5565C}.Release|x86.Build.0 = Release|Win32
		{1897E225-882F-4FEC-AA8C-F62FC3D1F322}.Debug|x64.ActiveCfg = Debug|x64
		{1897E225-882F-4FEC-AA8C-F62FC3D1F322}.Debug|x64.Build.0 = Debug|x64
		{1897E225-882F-4FEC-AA8C-F62FC3D1F322}.Debug|x86.ActiveCfg = Debug|Win32
		{1897E225-882F-4FEC-AA8C-F62FC3D1F322}.Debug|x86.Build.0 = Debug|Win32
		{1897E225-882F-4FEC-AA8C-F62FC3D1F322}.Release|x64.ActiveCfg = Release|x64
		{1897E225-882F-4FEC-AA8C-F62FC3D1F322}.Release|x64.Build.0 = Release|x64
		{1897E225-882F-4FEC-AA8C-F62FC3D1F322}.Release|x86.ActiveCfg = Release|Win32
		{1897E225-882F-4FEC-AA8C-F62FC3D1F322}.Release|x86.Build.0 = Release|Win32
		{91527A5B-F5E8-419A-B99F-6F92A344B968}.Debug|x64.ActiveCfg = Debug|x64
		{91527A5B-F5E8-419A-B99F-6F92A344B968}.Debug|x64.Build.0 = Debug|x64
		{91527A5B-F5E8-419A-B99F-6F92A344B968}.Debug|x86.ActiveCfg = Debug|Win32
		{91527A5B-F5E8-419A-B99F-6F92A344B968}.Debug|x86.Build.0 = Debug|Win32
		{91527A5B-F5E8-419A-B99F-6F92A344B968}.Release|x64.ActiveCfg = Release|x64
		{91527A5B-F5E8-419A-B99F-6F92A344B968}.Release|x64.Build.0 = Release|x64
		{91527A5B-F5E8-419A-B99F-6F92A344B968}.Release|x86.ActiveCfg = Release|Win32
		{91527A5B-F5E8-419A-B99F-6F92A344B968}.Release|x86.Build.0 = Release|Win32
		{E38E8BE4-ADB8-4C84-BD65-64B5485C6F6A}.Debug|x64.ActiveCfg = Debug|x64
		{E38E8BE4-ADB8-4C84-BD65-64B5485C6F6A}.Debug|x64.Build.0 = Debug|x64
		{E38E8BE4-ADB8-4C84-BD65-64B5485C6F6A}.Debug|x86.ActiveCfg = Debug|Win32
		{E38E8BE4-ADB8-4C84-BD65-64B5485C6F6A}.Debug|x86.Build.0 = Debug|Win32
		{E38E8BE4-ADB8-4C84-BD65-64B5485C6F6A}.Release|x64.ActiveCfg = Release|x64
		{E38E8BE4-ADB8-4C84-BD65-64B5485C6F6A}.Release|x64.Build.0 = Release|x64
		{E38E8BE4-ADB8-4C84-BD65-64B5485C6F6A}.Release|x86.ActiveCfg = Release|Win32
		{E38E8BE4-ADB8-4C84-BD65-64B5485C6F6A}.Release|x86.Build.0 = Release|Win32
		{78CA042B-3395-4EF5-A5CD-4FBC7C80E061}.Debug|x64.ActiveCfg = Debug|x64
		{78CA042B-3395-4EF5-A5CD-4FBC7C80E061}.Debug|x64.Build.0 = Debug|x64
		{78CA042B-3395-4EF5-A5CD-4FBC7C80E061}.Debug|x86.ActiveCfg = Debug|Win32
		{78CA042B-3395-4EF5-A5CD-4FBC7C80E061}.Debug|x86.Build.0 = Debug|Win32
		{78CA042B-3395-4EF5-A5CD-4FBC7C80E061}.Release|x64.ActiveCfg = Release|x64
		{78CA042B-3395-4EF5-A5CD-4FBC7C80E061}.Release|x64.Build.0 = Release|x64
		{78CA042B-3395-4EF5-A5CD-4FBC7C80E061}.Release|x86.ActiveCfg = Release|Win32
		{78CA042B-3395-4EF5-A5CD-4FBC7C80E061}.Release|x86.Build.0 = Release|Win32
		{FE5D370A-20F2-4DD1-8335-E7DA1AF00632}.Debug|x64.ActiveCfg = Debug|x64
		{FE5D370A-20F2-4DD1-8335-E7DA1AF00632}.Debug|x64.Build.0 = Debug|x64
		{FE5D370A-20F2-4DD1-8335-E7DA1AF00632}.Debug|x86.ActiveCfg = Debug|Win32
		{FE5D370A-20F2-4DD1-8335-E7DA1AF00632}.Debug|x86.Build.0 = Debug|Win32
		{FE5D370A-20F2-4DD1-8335-E7DA1AF00632}.Release|x64.ActiveCfg = Release|x64
		{FE5D370A-20F2-4DD1-8335-E7DA1AF00632}.Release|x64.Build.0 = Release|x64
		{FE5D370A-20F2-4DD1-8335-E7DA1AF00632}.Release|x86.ActiveCfg = Release|Win32
		{FE5D370A-20F2-4DD1-8335-E7DA1AF00632}.Release|x86.Build.0 = Release|Win32
		{50646B3E-5735-4B42-9F50-8D9B01A56758}.Debug|x64.ActiveCfg = Debug|x64
		{50646B3E-5735-4B42-9F50-8D9B01A56758}.Debug|x64.Build.0 = Debug|x64
		{50646B3E-5735-4B42-9F50-8D9B01A56758}.Debug|x86.ActiveCfg = Debug|Win32
		{50646B3E-5735-4B42-9F50-8D9B01A56758}.Debug|x86.Build.0 = Debug|Win32
		{50646B3E-5735-4B42-9F50-8D9B01A56758}.Release|x64.ActiveCfg = Release|x64
		{50646B3E-5735-4B42-9F50-8D9B01A56758}.Release|x64.Build.0 = Release|x64
		{50646B3E-5735-4B42-9F50-8D9B01A56758}.Release|x86.ActiveCfg = Release|Win32
		{50646B3E-5735-4B42-9F50-8D9B01A56758}.Release|x86.Build.0 = Release|Win32
		{F226F329-C77D-4237-8AFC-3DD14689D172}.Debug|x64.ActiveCfg = Debug|x64
		{F226F329-C77D-4237-8AFC-3DD14689D172}.Debug|x64.Build.0 = Debug|x64
		{F226F329-C77D-4237-8AFC-3DD14689D172}.Debug|x86.ActiveCfg = Debug|Win32
		{F226F329-C77D-4237-8AFC-3DD14689D172}.Debug|x86.Build.0 = Debug|Win32
		{F226F329-C77D-4237-8AFC-3DD14689D172}.Release|x64.ActiveCfg = Release|x64
		{F226F329-C77D-4237-8AFC-3DD14689D172}.Release|x64.Build.0 = Release|x64
		{F226F329-C77D-4237-8AFC-3DD14689D172}.Release|x86.ActiveCfg = Release|Win32
		{F226F329-C77D-4237-8AFC-3DD14689D172}.Release|x86.Build.0 = Release|Win32
		{8ABA99E3-2373-4564-9F78-3DF0F0C838CA}.Debug|x64.ActiveCfg = Debug|x64
		{8ABA99E3-2373-4564-9F78-3DF0F0C838CA}.Debug|x64.Build.0 = Debug|x64
		{8ABA99E3-2373-4564-9F78-3DF0F0C838CA}.Debug|x86.ActiveCfg = Debug|Win32
		{8ABA99E3-2373-4564-9F78-3DF0F0C838CA}.Debug|x86.Build.0 = Debug|Win32
		{8ABA99E3-2373-4564-9F78-3DF0F0C838CA}.Release|x64.ActiveCfg = Release|x64
		{8ABA99E3-2373-4564-9F78-3DF0F0C838CA}.Release|x64.Build.0 = Release|x64
		{8ABA99E3-2373-4564-9F78-3DF0F0C838CA}.Release|x86.ActiveCfg = Release|Win32
		{8ABA99E3-2373-4564-9F78-3DF0F0C838CA}.Release|x86.Build.0 = Release|Win32
		{8DA720B6-124A-4349-ABDA-5FB9183590EE}.Debug|x64.ActiveCfg = Debug|x64
		{8DA720B6-124A-4349-ABDA-5FB9183590EE}.Debug|x64.Build.0 = Debug|x64
		{8DA720B6-124A-4349-ABDA-5FB9183590EE}.Debug|x86.ActiveCfg = Debug|Win32
		{8DA720B6-124A-4349-ABDA-5FB9183590EE}.Debug|x86.Build.0 = Debug|Win32
		{8DA720B6-124A-4349-ABDA-5FB9183590EE}.Release|x64.ActiveCfg = Release|x64
		{8DA720B6-124A-4349-ABDA-5FB9183590EE}.Release|x64.Build.0 = Release|x64
		{8DA720B6-124A-4349-ABDA-5FB9183590EE}.Release|x86.ActiveCfg = Release|Win32
		{8DA720B6-124A-4349-ABDA-5FB9183590EE}.Release|x86.Build.0 = Release|Win32
		{C2D81A28-E30E-4F3D-B623-9B590CF78F62}.Debug|x64.ActiveCfg = Debug|x64
		{C2D81A28-E30E-4F3D-B623-9B590CF78F62}.Debug|x64.Build.0 = Debug|x64
		{C2D81A28-E30E-4F3D-B623-9B590CF78F62}.Debug|x86.ActiveCfg = Debug|Win32
		{C2D81A28-E30E-4F3D-B623-9B590CF78F62}.Debug|x86.Build.0 = Debug|Win32
		{C2D81A28-E30E-4F3D-B623-9B590CF78F62}.Release|x64.ActiveCfg = Release|x64
		{C2D81A28-E30E-4F3D-B623-9B590CF78F62}.Release|x64.Build.0 = Release|x64
		{C2D81A28-E30E-4F3D-B623-9B590CF78F62}.Release|x86.ActiveCfg = Release|Win32
		{C2D81A28-E30E-4F3D-B623-9B590CF78F62}.Release|x86.Build.0 = Release|Win32
		{F0C3040A-2163-42A7-B049-5369C0266C5B}.Debug|x64.ActiveCfg = Debug|x64
		{F0C3040A-2163-42A7-B049-5369C0266C5B}.Debug|x64.Build.0 = Debug|x64
		{F0C3040A-2163-42A7-B049-5369C0266C5B}.Debug|x86.ActiveCfg = Debug|Win32
		{F0C3040A-2163-42A7-B049-5369C0266C5B}.Debug|x86.Build.0 = Debug|Win32
		{F0C3040A-2163-42A7-B049-5369C0266C5B}.Release|x64.ActiveCfg = Release|x64
		{F0C3040A-2163-42A7-B049-5369C0266C5B}.Release|x64.Build.0 = Release|x64
		{F0C3040A-2163-42A7-B049-5369C0266C5B}.Release|x86.ActiveCfg = Release|Win32
		{F0C3040A-2163-42A7-B049-5369C0266C5B}.Release|x86.Build.0 = Release|Win32
		{1C7B008F-FCE3-4091-90A3-DA15C704F751}.Debug|x64.ActiveCfg = Debug|x64
		{1C7B008F-FCE3-4091-90A3-DA15C704F751}.Debug|x64.Build.0 = Debug|x64
		{1C7B008F-FCE3-4091-90A3-DA15C704F751}.Debug|x86.ActiveCfg = Debug|Win32
		{1C7B008F-FCE3-4091-90A3-DA15C704F751}.Debug|x86.Build.0 = Debug|Win32
		{1C7B008F-FCE3-4091-90A3-DA15C704F751}.Release|x64.ActiveCfg = Release|x64
		{1C7B008F-FCE3-4091-90A3-DA15C704F751}.Release|x64.Build.0 = Release|x64
		{1C7B008F-FCE3-4091-90A3-DA15C704F751}.Release|x86.ActiveCfg = Release|Win32
		{1C7B008F-FCE3-4091-90A3-DA15C704F751}.Release|x86.Build.0 = Release|Win32
		{5B38A7B6-3B57-4AD8-BB59-6D620739A9A6}.Debug|x64.ActiveCfg = Debug|x64
		{5B38A7B6-3B57-4AD8-BB59-6D620739A9A6}.Debug|x64.Build.0 = Debug|x64
		{5B38A7B6-3B57-4AD8-BB59-6D620739A9A6}.Debug|x86.ActiveCfg = Debug|Win32
		{5B38A7B6-3B57-4AD8-BB59-6D620739A9A6}.Debug|x86.Build.0 = Debug|Win32
		{5B38A7B6-3B57-4AD8-BB59-6D620739A9A6}.Release|x64.ActiveCfg = Release|x64
		{5B38A7B6-3B57-4AD8-BB59-6D620739A9A6}.Release|x64.Build.0 = Release|x64
		{5B38A7B6-3B57-4AD8-BB59-6D620739A9A6}.Release|x86.ActiveCfg = Release|Win32
		{5B38A7B6-3B57-4AD8-BB59-6D620739A9A6}.Release|x86.Build.0 = Release|Win32
		{6E2AE89B-D1E4-494F-B988-51CA9640CC53}.Debug|x64.ActiveCfg = Debug|x64
		{6E2AE89B-D1E4-494F-B988-51CA9640CC53}.Debug|x64.Build.0 = Debug|x64
		{6E2AE89B-D1E4-494F-B988-51CA9640CC53}.Debug|x86.ActiveCfg = Debug|Win32
		{6E2AE89B-D1E4-494F-B988-51CA9640CC53}.Debug|x86.Build.0 = Debug|Win32
		{6E2AE89B-D1E4-494F-B988-51CA9640CC53}.Release|x64.ActiveCfg = Release|x64
		{6E2AE89B-D1E4-494F-B988-51CA9640CC53}.Release|x64.Build.0 = Release|x64
		{6E2AE89B-D1E4-494F-B988-51CA9640CC53}.Release|x86.ActiveCfg = Release|Win32
		{6E2AE89B-D1E4-494F-B988-51CA9640CC53}.Release|x86.Build.0 = Release|Win32
		{735FFDD0-37D9-43AA-A530-C7515270EC50}.Debug|x64.ActiveCfg = Debug|x64
		{735FFDD0-37D9-43AA-A530-C7515270EC50}.Debug|x64.Build.0 = Debug|x64
		{735FFDD0-37D9-43AA-A530-C7515270EC50}.Debug|x86.ActiveCfg = Debug|Win32
		{735FFDD0-37D9-43AA-A530-C7515270EC50}.Debug|x86.Build.0 = Debug|Win32
		{735FFDD0-37D9-43AA-A530-C7515270EC50}.Release|x64.ActiveCfg = Release|x64
		{735FFDD0-37D9-43AA-A530-C7515270EC50}.Release|x64.Build.0 = Release|x64
		{735FFDD0-37D9-43AA-A530-C7515270EC50}.Release|x86.ActiveCfg = Release|Win32
		{735FFDD0-37D9-43AA-A530-C7515270EC50}.Release|x86.Build.0 = Release|Win32
		{03D73497-1BD5-497E-9ACB-63B9AE0183AD}.Debug|x64.ActiveCfg = Debug|x64
		{03D73497-1BD5-497E-9ACB-63B9AE0183AD}.Debug|x64.Build.0 = Debug|x64
		{03D73497-1BD5-497E-9ACB-63B9AE0183AD}.Debug|x86.ActiveCfg = Debug|Win32
		{03D73497-1BD5-497E-9ACB-63B9AE0183AD}.Debug|x86.Build.0 = Debug|Win32
		{03D73497-1BD5-497E-9ACB-63B9AE0183AD}.Release|x64.ActiveCfg = Release|x64
		{03D73497-1BD5-497E-9ACB-63B9AE0183AD}.Release|x64.Build.0 = Release|x64
		{03D73497-1BD5-497E-9ACB-63B9AE0183AD}.Release|x86.ActiveCfg = Release|Win32
		{03D73497-1BD5-497E-9ACB-63B9AE0183AD}.Release|x86.Build.0 = Release|Win32
		{80499D42-EB59-421D-845D-6388C4551717}.Debug|x64.ActiveCfg = Debug|x64
		{80499D42-EB59-421D-845D-6388C4551717}.Debug|x64.Build.0 = Debug|x64
		{80499D42-EB59-421D-845D-6388C4551717}.Debug|x86.ActiveCfg = Debug|Win32
		{80499D42-EB59-421D-845D-6388C4551717}.Debug|x86.Build.0 = Debug|Win32
		{80499D42-EB59-421D-845D-6388C4551717}.Release|x64.ActiveCfg = Release|x64
		{80499D42-EB59-421D-845D-6388C4551717}.Release|x64.Build.0 = Release|x64
		{80499D42-EB59-421D-845D-6388C4551717}.Release|x86.ActiveCfg = Release|Win32
		{80499D42-EB59-421D-845D-6388C4551717}.Release|x86.Build.0 = Release|Win32
	EndGlobalSection
	GlobalSection(SolutionProperties) = preSolution
		HideSolutionNode = FALSE
	EndGlobalSection
	GlobalSection(ExtensibilityGlobals) = postSolution
		SolutionGuid = {92DF69F2-CBBE-4F91-8B68-A3CA2E6ECF60}
	EndGlobalSection
EndGlobal
